
Microsoft Visual Studio Solution File, Format Version 12.00
# Visual Studio Version 17
VisualStudioVersion = 17.5.002.0
MinimumVisualStudioVersion = 10.0.40219.1
Project("{9A19103F-16F7-4668-BE54-9A1E7A4F7556}") = "my-first-api-net", "my-first-api-net.csproj", "{593956A8-E4AD-47EE-947A-09BE9F3A912E}"
EndProject
Global
	GlobalSection(SolutionConfigurationPlatforms) = preSolution
		Debug|Any CPU = Debug|Any CPU
		Release|Any CPU = Release|Any CPU
	EndGlobalSection
	GlobalSection(ProjectConfigurationPlatforms) = postSolution
		{593956A8-E4AD-47EE-947A-09BE9F3A912E}.Debug|Any CPU.ActiveCfg = Debug|Any CPU
		{593956A8-E4AD-47EE-947A-09BE9F3A912E}.Debug|Any CPU.Build.0 = Debug|Any CPU
		{593956A8-E4AD-47EE-947A-09BE9F3A912E}.Release|Any CPU.ActiveCfg = Release|Any CPU
		{593956A8-E4AD-47EE-947A-09BE9F3A912E}.Release|Any CPU.Build.0 = Release|Any CPU
	EndGlobalSection
	GlobalSection(SolutionProperties) = preSolution
		HideSolutionNode = FALSE
	EndGlobalSection
	GlobalSection(ExtensibilityGlobals) = postSolution
		SolutionGuid = {1A1CA0AB-5B65-4C71-81D5-94A42F3960AD}
	EndGlobalSection
EndGlobal
